
Microsoft Visual Studio Solution File, Format Version 12.00
# Visual Studio Version 17
VisualStudioVersion = 17.2.32526.322
MinimumVisualStudioVersion = 10.0.40219.1
Project("{FAE04EC0-301F-11D3-BF4B-00C04F79EFBC}") = "Ejercicio-Piedra-Papel-Tijera", "Proyecto\Ejercicio-Piedra-Papel-Tijera.csproj", "{361D7F37-7BF3-46DE-B66A-9E3201E41D42}"
EndProject
Global
	GlobalSection(SolutionConfigurationPlatforms) = preSolution
		Debug|Any CPU = Debug|Any CPU
		Release|Any CPU = Release|Any CPU
	EndGlobalSection
	GlobalSection(ProjectConfigurationPlatforms) = postSolution
		{361D7F37-7BF3-46DE-B66A-9E3201E41D42}.Debug|Any CPU.ActiveCfg = Debug|Any CPU
		{361D7F37-7BF3-46DE-B66A-9E3201E41D42}.Debug|Any CPU.Build.0 = Debug|Any CPU
		{361D7F37-7BF3-46DE-B66A-9E3201E41D42}.Release|Any CPU.ActiveCfg = Release|Any CPU
		{361D7F37-7BF3-46DE-B66A-9E3201E41D42}.Release|Any CPU.Build.0 = Release|Any CPU
	EndGlobalSection
	GlobalSection(SolutionProperties) = preSolution
		HideSolutionNode = FALSE
	EndGlobalSection
	GlobalSection(ExtensibilityGlobals) = postSolution
		SolutionGuid = {1EDB66D5-FB02-4C85-B8CE-B56648E23EEA}
	EndGlobalSection
EndGlobal
